
Microsoft Visual Studio Solution File, Format Version 12.00
# Visual Studio Version 16
VisualStudioVersion = 16.0.29806.167
MinimumVisualStudioVersion = 10.0.40219.1
Project("{FAE04EC0-301F-11D3-BF4B-00C04F79EFBC}") = "Corona", "Corona\Corona.csproj", "{0C1D9FD3-C4E5-47C8-B7AA-D80BF86CEA4B}"
EndProject
Global
	GlobalSection(SolutionConfigurationPlatforms) = preSolution
		Debug|Any CPU = Debug|Any CPU
		Release|Any CPU = Release|Any CPU
	EndGlobalSection
	GlobalSection(ProjectConfigurationPlatforms) = postSolution
		{0C1D9FD3-C4E5-47C8-B7AA-D80BF86CEA4B}.Debug|Any CPU.ActiveCfg = Debug|Any CPU
		{0C1D9FD3-C4E5-47C8-B7AA-D80BF86CEA4B}.Debug|Any CPU.Build.0 = Debug|Any CPU
		{0C1D9FD3-C4E5-47C8-B7AA-D80BF86CEA4B}.Release|Any CPU.ActiveCfg = Release|Any CPU
		{0C1D9FD3-C4E5-47C8-B7AA-D80BF86CEA4B}.Release|Any CPU.Build.0 = Release|Any CPU
	EndGlobalSection
	GlobalSection(SolutionProperties) = preSolution
		HideSolutionNode = FALSE
	EndGlobalSection
	GlobalSection(ExtensibilityGlobals) = postSolution
		SolutionGuid = {85007F14-BC50-4561-87C8-1DF421E5B26C}
	EndGlobalSection
EndGlobal
